
Microsoft Visual Studio Solution File, Format Version 12.00
# Visual Studio Version 17
VisualStudioVersion = 17.13.35818.85 d17.13
MinimumVisualStudioVersion = 10.0.40219.1
Project("{FAE04EC0-301F-11D3-BF4B-00C04F79EFBC}") = "CompanyAssetManagement", "CompanyAssetManagement\CompanyAssetManagement.csproj", "{AC1A4658-A2FC-43EA-8C4A-8901A0D3E115}"
EndProject
Global
	GlobalSection(SolutionConfigurationPlatforms) = preSolution
		Debug|Any CPU = Debug|Any CPU
		Release|Any CPU = Release|Any CPU
	EndGlobalSection
	GlobalSection(ProjectConfigurationPlatforms) = postSolution
		{AC1A4658-A2FC-43EA-8C4A-8901A0D3E115}.Debug|Any CPU.ActiveCfg = Debug|Any CPU
		{AC1A4658-A2FC-43EA-8C4A-8901A0D3E115}.Debug|Any CPU.Build.0 = Debug|Any CPU
		{AC1A4658-A2FC-43EA-8C4A-8901A0D3E115}.Release|Any CPU.ActiveCfg = Release|Any CPU
		{AC1A4658-A2FC-43EA-8C4A-8901A0D3E115}.Release|Any CPU.Build.0 = Release|Any CPU
	EndGlobalSection
	GlobalSection(SolutionProperties) = preSolution
		HideSolutionNode = FALSE
	EndGlobalSection
	GlobalSection(ExtensibilityGlobals) = postSolution
		SolutionGuid = {ABAAF862-21A3-4DC2-B61F-A6F2FD44B29C}
	EndGlobalSection
EndGlobal
